github.com/learning-go-book/simpletax/v2 v2.0.0 h1:cZURCo1tEqdw/cJyggd5ZShbAdassAMOguy3HEmdeNc=
github.com/learning-go-book/simpletax/v2 v2.0.0/go.mod h1:DVMa7zPtIFGmAAwd6XOTyy8ElwQfljoaLkYGAkFj75o=
github.com/shopspring/decimal v1.2.0/go.mod h1:DKyhrW/HYNuLGql+MJL6WCR6knT2jwCFRcu2hWCYk4o=
github.com/shopspring/decimal v1.4.0 h1:bxl37RwXBklmTi0C79JfXCEBD1cqqHt0bbgBAGFp81k=
github.com/shopspring/decimal v1.4.0/go.mod h1:gawqmDU56v4yIKSwfBSFip1HdCCXN8/+DMd9qYNcwME=
